
Microsoft Visual Studio Solution File, Format Version 12.00
# Visual Studio Version 17
VisualStudioVersion = 17.0.31919.166
MinimumVisualStudioVersion = 10.0.40219.1
Project("{FAE04EC0-301F-11D3-BF4B-00C04F79EFBC}") = "DipaulTestTask", "DipaulTestTask\DipaulTestTask.csproj", "{5D69DCDC-1B54-4C85-8333-5E7D37F3D48B}"
EndProject
Global
	GlobalSection(SolutionConfigurationPlatforms) = preSolution
		Debug|Any CPU = Debug|Any CPU
		Release|Any CPU = Release|Any CPU
	EndGlobalSection
	GlobalSection(ProjectConfigurationPlatforms) = postSolution
		{5D69DCDC-1B54-4C85-8333-5E7D37F3D48B}.Debug|Any CPU.ActiveCfg = Debug|Any CPU
		{5D69DCDC-1B54-4C85-8333-5E7D37F3D48B}.Debug|Any CPU.Build.0 = Debug|Any CPU
		{5D69DCDC-1B54-4C85-8333-5E7D37F3D48B}.Release|Any CPU.ActiveCfg = Release|Any CPU
		{5D69DCDC-1B54-4C85-8333-5E7D37F3D48B}.Release|Any CPU.Build.0 = Release|Any CPU
	EndGlobalSection
	GlobalSection(SolutionProperties) = preSolution
		HideSolutionNode = FALSE
	EndGlobalSection
	GlobalSection(ExtensibilityGlobals) = postSolution
		SolutionGuid = {9A9457B0-316B-49FD-835A-4762F950B746}
	EndGlobalSection
EndGlobal
